
Microsoft Visual Studio Solution File, Format Version 12.00
# Visual Studio Version 17
VisualStudioVersion = 17.8.34408.163
MinimumVisualStudioVersion = 10.0.40219.1
Project("{9A19103F-16F7-4668-BE54-9A1E7A4F7556}") = "iiwi.Model", "iiwi.Model\iiwi.Model.csproj", "{AE174A6E-78D9-4E21-BB31-8C0EBC722AD7}"
EndProject
Project("{9A19103F-16F7-4668-BE54-9A1E7A4F7556}") = "iiwi.Common", "iiwi.Common\iiwi.Common.csproj", "{224FB6B5-97D9-4AFB-9EDD-83654D1AC0D7}"
EndProject
Project("{FAE04EC0-301F-11D3-BF4B-00C04F79EFBC}") = "iiwi.Application", "iiwi.Application\iiwi.Application.csproj", "{FCBCB804-D6C3-4249-9C3B-1826884208A6}"
EndProject
Project("{FAE04EC0-301F-11D3-BF4B-00C04F79EFBC}") = "iiwi.Database", "iiwi.Database\iiwi.Database.csproj", "{4E4CE39E-A0C6-4304-8B2A-3D75F75F2DCB}"
EndProject
Project("{FAE04EC0-301F-11D3-BF4B-00C04F79EFBC}") = "iiwi.Domain", "iiwi.Domain\iiwi.Domain.csproj", "{5959D476-E88D-4291-950C-04A462049014}"
EndProject
Project("{FAE04EC0-301F-11D3-BF4B-00C04F79EFBC}") = "iiwi.Core", "iiwi.Core\iiwi.Core.csproj", "{A26A2F2F-705B-43B0-996A-171613F5716B}"
EndProject
Project("{FAE04EC0-301F-11D3-BF4B-00C04F79EFBC}") = "iiwi.Infrastructure", "iiwi.Infrastructure\iiwi.Infrastructure.csproj", "{C7D06E39-0674-4CA0-8CFC-9D65941B5B1B}"
EndProject
Project("{FAE04EC0-301F-11D3-BF4B-00C04F79EFBC}") = "iiwi.Scheduler", "iiwi.Scheduler\iiwi.Scheduler.csproj", "{F7144710-154A-4657-AA52-82290A02B02B}"
EndProject
Project("{FAE04EC0-301F-11D3-BF4B-00C04F79EFBC}") = "iiwi.SearchEngine", "iiwi.SearchEngine\iiwi.SearchEngine.csproj", "{4DF86FD8-9469-49CF-BE23-A9DB1F90DC8D}"
EndProject
Global
	GlobalSection(SolutionConfigurationPlatforms) = preSolution
		Debug|Any CPU = Debug|Any CPU
		Release|Any CPU = Release|Any CPU
	EndGlobalSection
	GlobalSection(ProjectConfigurationPlatforms) = postSolution
		{AE174A6E-78D9-4E21-BB31-8C0EBC722AD7}.Debug|Any CPU.ActiveCfg = Debug|Any CPU
		{AE174A6E-78D9-4E21-BB31-8C0EBC722AD7}.Debug|Any CPU.Build.0 = Debug|Any CPU
		{AE174A6E-78D9-4E21-BB31-8C0EBC722AD7}.Release|Any CPU.ActiveCfg = Release|Any CPU
		{AE174A6E-78D9-4E21-BB31-8C0EBC722AD7}.Release|Any CPU.Build.0 = Release|Any CPU
		{224FB6B5-97D9-4AFB-9EDD-83654D1AC0D7}.Debug|Any CPU.ActiveCfg = Debug|Any CPU
		{224FB6B5-97D9-4AFB-9EDD-83654D1AC0D7}.Debug|Any CPU.Build.0 = Debug|Any CPU
		{224FB6B5-97D9-4AFB-9EDD-83654D1AC0D7}.Release|Any CPU.ActiveCfg = Release|Any CPU
		{224FB6B5-97D9-4AFB-9EDD-83654D1AC0D7}.Release|Any CPU.Build.0 = Release|Any CPU
		{FCBCB804-D6C3-4249-9C3B-1826884208A6}.Debug|Any CPU.ActiveCfg = Debug|Any CPU
		{FCBCB804-D6C3-4249-9C3B-1826884208A6}.Debug|Any CPU.Build.0 = Debug|Any CPU
		{FCBCB804-D6C3-4249-9C3B-1826884208A6}.Release|Any CPU.ActiveCfg = Release|Any CPU
		{FCBCB804-D6C3-4249-9C3B-1826884208A6}.Release|Any CPU.Build.0 = Release|Any CPU
		{4E4CE39E-A0C6-4304-8B2A-3D75F75F2DCB}.Debug|Any CPU.ActiveCfg = Debug|Any CPU
		{4E4CE39E-A0C6-4304-8B2A-3D75F75F2DCB}.Debug|Any CPU.Build.0 = Debug|Any CPU
		{4E4CE39E-A0C6-4304-8B2A-3D75F75F2DCB}.Release|Any CPU.ActiveCfg = Release|Any CPU
		{4E4CE39E-A0C6-4304-8B2A-3D75F75F2DCB}.Release|Any CPU.Build.0 = Release|Any CPU
		{5959D476-E88D-4291-950C-04A462049014}.Debug|Any CPU.ActiveCfg = Debug|Any CPU
		{5959D476-E88D-4291-950C-04A462049014}.Debug|Any CPU.Build.0 = Debug|Any CPU
		{5959D476-E88D-4291-950C-04A462049014}.Release|Any CPU.ActiveCfg = Release|Any CPU
		{5959D476-E88D-4291-950C-04A462049014}.Release|Any CPU.Build.0 = Release|Any CPU
		{A26A2F2F-705B-43B0-996A-171613F5716B}.Debug|Any CPU.ActiveCfg = Debug|Any CPU
		{A26A2F2F-705B-43B0-996A-171613F5716B}.Debug|Any CPU.Build.0 = Debug|Any CPU
		{A26A2F2F-705B-43B0-996A-171613F5716B}.Release|Any CPU.ActiveCfg = Release|Any CPU
		{A26A2F2F-705B-43B0-996A-171613F5716B}.Release|Any CPU.Build.0 = Release|Any CPU
		{C7D06E39-0674-4CA0-8CFC-9D65941B5B1B}.Debug|Any CPU.ActiveCfg = Debug|Any CPU
		{C7D06E39-0674-4CA0-8CFC-9D65941B5B1B}.Debug|Any CPU.Build.0 = Debug|Any CPU
		{C7D06E39-0674-4CA0-8CFC-9D65941B5B1B}.Release|Any CPU.ActiveCfg = Release|Any CPU
		{C7D06E39-0674-4CA0-8CFC-9D65941B5B1B}.Release|Any CPU.Build.0 = Release|Any CPU
		{F7144710-154A-4657-AA52-82290A02B02B}.Debug|Any CPU.ActiveCfg = Debug|Any CPU
		{F7144710-154A-4657-AA52-82290A02B02B}.Debug|Any CPU.Build.0 = Debug|Any CPU
		{F7144710-154A-4657-AA52-82290A02B02B}.Release|Any CPU.ActiveCfg = Release|Any CPU
		{F7144710-154A-4657-AA52-82290A02B02B}.Release|Any CPU.Build.0 = Release|Any CPU
		{4DF86FD8-9469-49CF-BE23-A9DB1F90DC8D}.Debug|Any CPU.ActiveCfg = Debug|Any CPU
		{4DF86FD8-9469-49CF-BE23-A9DB1F90DC8D}.Debug|Any CPU.Build.0 = Debug|Any CPU
		{4DF86FD8-9469-49CF-BE23-A9DB1F90DC8D}.Release|Any CPU.ActiveCfg = Release|Any CPU
		{4DF86FD8-9469-49CF-BE23-A9DB1F90DC8D}.Release|Any CPU.Build.0 = Release|Any CPU
	EndGlobalSection
	GlobalSection(SolutionProperties) = preSolution
		HideSolutionNode = FALSE
	EndGlobalSection
	GlobalSection(ExtensibilityGlobals) = postSolution
		SolutionGuid = {C5B187BF-40BE-42CF-AE77-759DDB03D249}
	EndGlobalSection
EndGlobal
